{
  "name": "@didvault/app",
  "version": "1.2.9",
  "lockfileVersion": 2,
  "requires": true,
  "packages": {
    "": {
      "name": "@didvault/app",
      "version": "1.2.9",
      "dependencies": {
        "@bytetrade/barcode-scanner": "^6.0.2",
        "@capacitor-community/facebook-login": "^6.0.0",
        "@capacitor-community/fcm": "^6.0.0",
        "@capacitor/android": "^6.1.0",
        "@capacitor/app": "^6.0.0",
        "@capacitor/camera": "^6.0.1",
        "@capacitor/clipboard": "^6.0.0",
        "@capacitor/core": "^6.1.0",
        "@capacitor/device": "^6.0.0",
        "@capacitor/filesystem": "^6.0.0",
        "@capacitor/ios": "^6.1.0",
        "@capacitor/network": "^6.0.1",
        "@capacitor/push-notifications": "^6.0.1",
        "@capacitor/screen-orientation": "^6.0.1",
        "@capacitor/status-bar": "^6.0.0",
        "@capgo/capacitor-native-biometric": "^6.0.1",
        "@codetrix-studio/capacitor-google-auth": "^3.4.0-rc.4"
      }
    },
    "node_modules/@bytetrade/barcode-scanner": {
      "version": "6.0.2",
      "resolved": "https://registry.npmjs.org/@bytetrade/barcode-scanner/-/barcode-scanner-6.0.2.tgz",
      "integrity": "sha512-F3iLnCDSa0W07e6GK4ZUAPvUv5OGNPsc4b7H8AirHbwTRw5ItztCznMxmWUlMGUY679HbXMdk+7suW+V8vAJHg==",
      "dependencies": {
        "@zxing/browser": "^0.1.3",
        "@zxing/library": "^0.20.0"
      },
      "peerDependencies": {
        "@capacitor/core": "^6.1.0"
      }
    },
    "node_modules/@bytetrade/barcode-scanner/node_modules/@zxing/library": {
      "version": "0.20.0",
      "resolved": "https://registry.npmjs.org/@zxing/library/-/library-0.20.0.tgz",
      "integrity": "sha512-6Ev6rcqVjMakZFIDvbUf0dtpPGeZMTfyxYg4HkVWioWeN7cRcnUWT3bU6sdohc82O1nPXcjq6WiGfXX2Pnit6A==",
      "dependencies": {
        "ts-custom-error": "^3.2.1"
      },
      "engines": {
        "node": ">= 10.4.0"
      },
      "optionalDependencies": {
        "@zxing/text-encoding": "~0.9.0"
      }
    },
    "node_modules/@capacitor-community/facebook-login": {
      "version": "6.0.0",
      "resolved": "https://registry.npmjs.org/@capacitor-community/facebook-login/-/facebook-login-6.0.0.tgz",
      "integrity": "sha512-86la7++VmghLQSV6kTqO+isrjDHQ+VDJ+LIMwo2Nbq3XbfasjbkFFH3/Vpn7g8CZHbK/N2+/pFVxE790EzU9Xw==",
      "dependencies": {
        "@capacitor/core": "^6.0.0"
      },
      "engines": {
        "node": ">=18.0.0"
      }
    },
    "node_modules/@capacitor-community/fcm": {
      "version": "6.0.0",
      "resolved": "https://registry.npmjs.org/@capacitor-community/fcm/-/fcm-6.0.0.tgz",
      "integrity": "sha512-py62/7KcWwj/vCJoIiQ77KglX0x/a21nF23kdfNwAp4r3+XbwdwpTyyK55xjiwbFWOZX+WwUbyJcQlsm04i1+w==",
      "peerDependencies": {
        "@capacitor/core": "^6.0.0"
      }
    },
    "node_modules/@capacitor/android": {
      "version": "6.1.0",
      "resolved": "https://registry.npmjs.org/@capacitor/android/-/android-6.1.0.tgz",
      "integrity": "sha512-S4PW4N5xtKHTrICjG7bkBhI70jdXbb+8nbm1pJpuXChCD0gkCcofJhPaw4bCoO0egcugBN1U7DkegNw5jWpHcw==",
      "peerDependencies": {
        "@capacitor/core": "^6.1.0"
      }
    },
    "node_modules/@capacitor/app": {
      "version": "6.0.0",
      "resolved": "https://registry.npmjs.org/@capacitor/app/-/app-6.0.0.tgz",
      "integrity": "sha512-X5UGd90Jh5p9rmoPyMqFyFWqOypdJgVJhYcM5X1YyDVJJGzmJ5MuYv1+ajj5DW9Qyh+5a3th9WYptdGby8jidA==",
      "peerDependencies": {
        "@capacitor/core": "^6.0.0"
      }
    },
    "node_modules/@capacitor/camera": {
      "version": "6.0.1",
      "resolved": "https://registry.npmjs.org/@capacitor/camera/-/camera-6.0.1.tgz",
      "integrity": "sha512-KGfjv8q0Q9OEcpBGqSSZD2yb1KeDe12mlzOOPp4wr6GvcOY0EIvZ0o3KiPXegLVuRZeemz71/lCxPHAQ/5gAiA==",
      "peerDependencies": {
        "@capacitor/core": "^6.0.0"
      }
    },
    "node_modules/@capacitor/clipboard": {
      "version": "6.0.0",
      "resolved": "https://registry.npmjs.org/@capacitor/clipboard/-/clipboard-6.0.0.tgz",
      "integrity": "sha512-NjcGr2jncSZy9NM9grePo8zz0hhBYYBYZV71xXjLvJhVY4PSdZD/Sj+4jm0pvlOKSK8vAXYyF6VcWT4/Kh/xmw==",
      "peerDependencies": {
        "@capacitor/core": "^6.0.0"
      }
    },
    "node_modules/@capacitor/core": {
      "version": "6.1.0",
      "resolved": "https://registry.npmjs.org/@capacitor/core/-/core-6.1.0.tgz",
      "integrity": "sha512-Kt4ONm0X9xxJXn9Q73oBaKdzep5B/VJw3VjXa2eGul4cD2k37mJwgjpXSMRnLH0Aju5bCiRL8J/hMAfTlokO6A==",
      "dependencies": {
        "tslib": "^2.1.0"
      }
    },
    "node_modules/@capacitor/device": {
      "version": "6.0.0",
      "resolved": "https://registry.npmjs.org/@capacitor/device/-/device-6.0.0.tgz",
      "integrity": "sha512-3cV4XcH9pTWcstecyr8rNBQvFCsxYugJdPetk898airCbV1bqZSGF2YLSoPQj4BiDITSlNgwABNwNYMCNzs/gw==",
      "peerDependencies": {
        "@capacitor/core": "^6.0.0"
      }
    },
    "node_modules/@capacitor/filesystem": {
      "version": "6.0.0",
      "resolved": "https://registry.npmjs.org/@capacitor/filesystem/-/filesystem-6.0.0.tgz",
      "integrity": "sha512-GnC4CBfky7fvG9zSV/aQnZaGs6ZJ90AaQorr53z81ArTCqcrSUeBMuCxWmvti9HrdXLhBavyA1UOjvRGObOFjg==",
      "peerDependencies": {
        "@capacitor/core": "^6.0.0"
      }
    },
    "node_modules/@capacitor/ios": {
      "version": "6.1.0",
      "resolved": "https://registry.npmjs.org/@capacitor/ios/-/ios-6.1.0.tgz",
      "integrity": "sha512-ex2q0LAyDDgfJj4fKDQuSNUYSpic3939/8A/sIIIxslwuRBF5i5fuhAngu6BhCt/pQSfEETcHtg2j2vD+YEZ2w==",
      "peerDependencies": {
        "@capacitor/core": "^6.1.0"
      }
    },
    "node_modules/@capacitor/network": {
      "version": "6.0.1",
      "resolved": "https://registry.npmjs.org/@capacitor/network/-/network-6.0.1.tgz",
      "integrity": "sha512-j+C1khUchNVol3HQGOhHKRAQ3Sc4DumzF8YVJqbkAkfOMHLWr/9g2H/P61yzqEr5kcidpOgWbBwQugHRv7o+7g==",
      "peerDependencies": {
        "@capacitor/core": "^6.0.0"
      }
    },
    "node_modules/@capacitor/push-notifications": {
      "version": "6.0.1",
      "resolved": "https://registry.npmjs.org/@capacitor/push-notifications/-/push-notifications-6.0.1.tgz",
      "integrity": "sha512-NFVAnmBsyuTFScTMUrgOr3EKnCl9etGeXignC2Y5QsOoqjT+fhVhIUco9BR7Bi48JGdvK/evqzwt36LMF82bBw==",
      "peerDependencies": {
        "@capacitor/core": "^6.0.0"
      }
    },
    "node_modules/@capacitor/screen-orientation": {
      "version": "6.0.1",
      "resolved": "https://registry.npmjs.org/@capacitor/screen-orientation/-/screen-orientation-6.0.1.tgz",
      "integrity": "sha512-Y06qlOhrjCynqomyTHWSaLNR0OwZbOiKo59ZYxMrgFHObiHGbpIgyMsU3igQ6Pt6dEo4tIjAekM0BPvHvJv6mQ==",
      "peerDependencies": {
        "@capacitor/core": "^6.0.0"
      }
    },
    "node_modules/@capacitor/status-bar": {
      "version": "6.0.0",
      "resolved": "https://registry.npmjs.org/@capacitor/status-bar/-/status-bar-6.0.0.tgz",
      "integrity": "sha512-Wo0ILugYlmENegKDgTzVCPjbvP8h1ObgHslLdgeVG643ViMS/diausHIq8e104WIKCXtKIELmQeYVp9mX7932g==",
      "peerDependencies": {
        "@capacitor/core": "^6.0.0"
      }
    },
    "node_modules/@capgo/capacitor-native-biometric": {
      "version": "6.0.1",
      "resolved": "https://registry.npmjs.org/@capgo/capacitor-native-biometric/-/capacitor-native-biometric-6.0.1.tgz",
      "integrity": "sha512-yexCWAWxF8klufTxYqhBrP5QFjkVIInaSiKy5SBaGKW3y50gppsQv6TLHuktCX/tesVCeWPDAaWJZkozfp8Cpw==",
      "peerDependencies": {
        "@capacitor/core": "^6.0.0"
      }
    },
    "node_modules/@codetrix-studio/capacitor-google-auth": {
      "version": "3.4.0-rc.4",
      "resolved": "https://registry.npmjs.org/@codetrix-studio/capacitor-google-auth/-/capacitor-google-auth-3.4.0-rc.4.tgz",
      "integrity": "sha512-d548/xKrbMHHbzMYSWnlgZCLZYo2zzY7Onrh3x8ujojrb7atkNK68I6su5WgmaBt4E+R4gxBsWams4554aOFjA==",
      "peerDependencies": {
        "@capacitor/core": "^6.0.0"
      }
    },
    "node_modules/@zxing/browser": {
      "version": "0.1.5",
      "resolved": "https://registry.npmjs.org/@zxing/browser/-/browser-0.1.5.tgz",
      "integrity": "sha512-4Lmrn/il4+UNb87Gk8h1iWnhj39TASEHpd91CwwSJtY5u+wa0iH9qS0wNLAWbNVYXR66WmT5uiMhZ7oVTrKfxw==",
      "optionalDependencies": {
        "@zxing/text-encoding": "^0.9.0"
      },
      "peerDependencies": {
        "@zxing/library": "^0.21.0"
      }
    },
    "node_modules/@zxing/library": {
      "version": "0.21.2",
      "resolved": "https://registry.npmjs.org/@zxing/library/-/library-0.21.2.tgz",
      "integrity": "sha512-VMCCSUJSld3tqG6aREJ6XBCxYuoQFcjrF1kowKPFqTA6QG1ixfm6bVfD7gP4jjfM0MX20wVB65DEXtjRsBmV6w==",
      "peer": true,
      "dependencies": {
        "ts-custom-error": "^3.2.1"
      },
      "engines": {
        "node": ">= 10.4.0"
      },
      "optionalDependencies": {
        "@zxing/text-encoding": "~0.9.0"
      }
    },
    "node_modules/@zxing/text-encoding": {
      "version": "0.9.0",
      "resolved": "https://registry.npmjs.org/@zxing/text-encoding/-/text-encoding-0.9.0.tgz",
      "integrity": "sha512-U/4aVJ2mxI0aDNI8Uq0wEhMgY+u4CNtEb0om3+y3+niDAsoTCOB33UF0sxpzqzdqXLqmvc+vZyAt4O8pPdfkwA==",
      "optional": true
    },
    "node_modules/ts-custom-error": {
      "version": "3.3.1",
      "resolved": "https://registry.npmjs.org/ts-custom-error/-/ts-custom-error-3.3.1.tgz",
      "integrity": "sha512-5OX1tzOjxWEgsr/YEUWSuPrQ00deKLh6D7OTWcvNHm12/7QPyRh8SYpyWvA4IZv8H/+GQWQEh/kwo95Q9OVW1A==",
      "engines": {
        "node": ">=14.0.0"
      }
    },
    "node_modules/tslib": {
      "version": "2.6.3",
      "resolved": "https://registry.npmjs.org/tslib/-/tslib-2.6.3.tgz",
      "integrity": "sha512-xNvxJEOUiWPGhUuUdQgAJPKOOJfGnIyKySOc09XkKsgdUV/3E2zvwZYdejjmRgPCgcym1juLH3226yA7sEFJKQ=="
    }
  },
  "dependencies": {
    "@bytetrade/barcode-scanner": {
      "version": "6.0.2",
      "resolved": "https://registry.npmjs.org/@bytetrade/barcode-scanner/-/barcode-scanner-6.0.2.tgz",
      "integrity": "sha512-F3iLnCDSa0W07e6GK4ZUAPvUv5OGNPsc4b7H8AirHbwTRw5ItztCznMxmWUlMGUY679HbXMdk+7suW+V8vAJHg==",
      "requires": {
        "@zxing/browser": "^0.1.3",
        "@zxing/library": "^0.20.0"
      },
      "dependencies": {
        "@zxing/library": {
          "version": "0.20.0",
          "resolved": "https://registry.npmjs.org/@zxing/library/-/library-0.20.0.tgz",
          "integrity": "sha512-6Ev6rcqVjMakZFIDvbUf0dtpPGeZMTfyxYg4HkVWioWeN7cRcnUWT3bU6sdohc82O1nPXcjq6WiGfXX2Pnit6A==",
          "requires": {
            "@zxing/text-encoding": "~0.9.0",
            "ts-custom-error": "^3.2.1"
          }
        }
      }
    },
    "@capacitor-community/facebook-login": {
      "version": "6.0.0",
      "resolved": "https://registry.npmjs.org/@capacitor-community/facebook-login/-/facebook-login-6.0.0.tgz",
      "integrity": "sha512-86la7++VmghLQSV6kTqO+isrjDHQ+VDJ+LIMwo2Nbq3XbfasjbkFFH3/Vpn7g8CZHbK/N2+/pFVxE790EzU9Xw==",
      "requires": {
        "@capacitor/core": "^6.0.0"
      }
    },
    "@capacitor-community/fcm": {
      "version": "6.0.0",
      "resolved": "https://registry.npmjs.org/@capacitor-community/fcm/-/fcm-6.0.0.tgz",
      "integrity": "sha512-py62/7KcWwj/vCJoIiQ77KglX0x/a21nF23kdfNwAp4r3+XbwdwpTyyK55xjiwbFWOZX+WwUbyJcQlsm04i1+w==",
      "requires": {}
    },
    "@capacitor/android": {
      "version": "6.1.0",
      "resolved": "https://registry.npmjs.org/@capacitor/android/-/android-6.1.0.tgz",
      "integrity": "sha512-S4PW4N5xtKHTrICjG7bkBhI70jdXbb+8nbm1pJpuXChCD0gkCcofJhPaw4bCoO0egcugBN1U7DkegNw5jWpHcw==",
      "requires": {}
    },
    "@capacitor/app": {
      "version": "6.0.0",
      "resolved": "https://registry.npmjs.org/@capacitor/app/-/app-6.0.0.tgz",
      "integrity": "sha512-X5UGd90Jh5p9rmoPyMqFyFWqOypdJgVJhYcM5X1YyDVJJGzmJ5MuYv1+ajj5DW9Qyh+5a3th9WYptdGby8jidA==",
      "requires": {}
    },
    "@capacitor/camera": {
      "version": "6.0.1",
      "resolved": "https://registry.npmjs.org/@capacitor/camera/-/camera-6.0.1.tgz",
      "integrity": "sha512-KGfjv8q0Q9OEcpBGqSSZD2yb1KeDe12mlzOOPp4wr6GvcOY0EIvZ0o3KiPXegLVuRZeemz71/lCxPHAQ/5gAiA==",
      "requires": {}
    },
    "@capacitor/clipboard": {
      "version": "6.0.0",
      "resolved": "https://registry.npmjs.org/@capacitor/clipboard/-/clipboard-6.0.0.tgz",
      "integrity": "sha512-NjcGr2jncSZy9NM9grePo8zz0hhBYYBYZV71xXjLvJhVY4PSdZD/Sj+4jm0pvlOKSK8vAXYyF6VcWT4/Kh/xmw==",
      "requires": {}
    },
    "@capacitor/core": {
      "version": "6.1.0",
      "resolved": "https://registry.npmjs.org/@capacitor/core/-/core-6.1.0.tgz",
      "integrity": "sha512-Kt4ONm0X9xxJXn9Q73oBaKdzep5B/VJw3VjXa2eGul4cD2k37mJwgjpXSMRnLH0Aju5bCiRL8J/hMAfTlokO6A==",
      "requires": {
        "tslib": "^2.1.0"
      }
    },
    "@capacitor/device": {
      "version": "6.0.0",
      "resolved": "https://registry.npmjs.org/@capacitor/device/-/device-6.0.0.tgz",
      "integrity": "sha512-3cV4XcH9pTWcstecyr8rNBQvFCsxYugJdPetk898airCbV1bqZSGF2YLSoPQj4BiDITSlNgwABNwNYMCNzs/gw==",
      "requires": {}
    },
    "@capacitor/filesystem": {
      "version": "6.0.0",
      "resolved": "https://registry.npmjs.org/@capacitor/filesystem/-/filesystem-6.0.0.tgz",
      "integrity": "sha512-GnC4CBfky7fvG9zSV/aQnZaGs6ZJ90AaQorr53z81ArTCqcrSUeBMuCxWmvti9HrdXLhBavyA1UOjvRGObOFjg==",
      "requires": {}
    },
    "@capacitor/ios": {
      "version": "6.1.0",
      "resolved": "https://registry.npmjs.org/@capacitor/ios/-/ios-6.1.0.tgz",
      "integrity": "sha512-ex2q0LAyDDgfJj4fKDQuSNUYSpic3939/8A/sIIIxslwuRBF5i5fuhAngu6BhCt/pQSfEETcHtg2j2vD+YEZ2w==",
      "requires": {}
    },
    "@capacitor/network": {
      "version": "6.0.1",
      "resolved": "https://registry.npmjs.org/@capacitor/network/-/network-6.0.1.tgz",
      "integrity": "sha512-j+C1khUchNVol3HQGOhHKRAQ3Sc4DumzF8YVJqbkAkfOMHLWr/9g2H/P61yzqEr5kcidpOgWbBwQugHRv7o+7g==",
      "requires": {}
    },
    "@capacitor/push-notifications": {
      "version": "6.0.1",
      "resolved": "https://registry.npmjs.org/@capacitor/push-notifications/-/push-notifications-6.0.1.tgz",
      "integrity": "sha512-NFVAnmBsyuTFScTMUrgOr3EKnCl9etGeXignC2Y5QsOoqjT+fhVhIUco9BR7Bi48JGdvK/evqzwt36LMF82bBw==",
      "requires": {}
    },
    "@capacitor/screen-orientation": {
      "version": "6.0.1",
      "resolved": "https://registry.npmjs.org/@capacitor/screen-orientation/-/screen-orientation-6.0.1.tgz",
      "integrity": "sha512-Y06qlOhrjCynqomyTHWSaLNR0OwZbOiKo59ZYxMrgFHObiHGbpIgyMsU3igQ6Pt6dEo4tIjAekM0BPvHvJv6mQ==",
      "requires": {}
    },
    "@capacitor/status-bar": {
      "version": "6.0.0",
      "resolved": "https://registry.npmjs.org/@capacitor/status-bar/-/status-bar-6.0.0.tgz",
      "integrity": "sha512-Wo0ILugYlmENegKDgTzVCPjbvP8h1ObgHslLdgeVG643ViMS/diausHIq8e104WIKCXtKIELmQeYVp9mX7932g==",
      "requires": {}
    },
    "@capgo/capacitor-native-biometric": {
      "version": "6.0.1",
      "resolved": "https://registry.npmjs.org/@capgo/capacitor-native-biometric/-/capacitor-native-biometric-6.0.1.tgz",
      "integrity": "sha512-yexCWAWxF8klufTxYqhBrP5QFjkVIInaSiKy5SBaGKW3y50gppsQv6TLHuktCX/tesVCeWPDAaWJZkozfp8Cpw==",
      "requires": {}
    },
    "@codetrix-studio/capacitor-google-auth": {
      "version": "3.4.0-rc.4",
      "resolved": "https://registry.npmjs.org/@codetrix-studio/capacitor-google-auth/-/capacitor-google-auth-3.4.0-rc.4.tgz",
      "integrity": "sha512-d548/xKrbMHHbzMYSWnlgZCLZYo2zzY7Onrh3x8ujojrb7atkNK68I6su5WgmaBt4E+R4gxBsWams4554aOFjA==",
      "requires": {}
    },
    "@zxing/browser": {
      "version": "0.1.5",
      "resolved": "https://registry.npmjs.org/@zxing/browser/-/browser-0.1.5.tgz",
      "integrity": "sha512-4Lmrn/il4+UNb87Gk8h1iWnhj39TASEHpd91CwwSJtY5u+wa0iH9qS0wNLAWbNVYXR66WmT5uiMhZ7oVTrKfxw==",
      "requires": {
        "@zxing/text-encoding": "^0.9.0"
      }
    },
    "@zxing/library": {
      "version": "0.21.2",
      "resolved": "https://registry.npmjs.org/@zxing/library/-/library-0.21.2.tgz",
      "integrity": "sha512-VMCCSUJSld3tqG6aREJ6XBCxYuoQFcjrF1kowKPFqTA6QG1ixfm6bVfD7gP4jjfM0MX20wVB65DEXtjRsBmV6w==",
      "peer": true,
      "requires": {
        "@zxing/text-encoding": "~0.9.0",
        "ts-custom-error": "^3.2.1"
      }
    },
    "@zxing/text-encoding": {
      "version": "0.9.0",
      "resolved": "https://registry.npmjs.org/@zxing/text-encoding/-/text-encoding-0.9.0.tgz",
      "integrity": "sha512-U/4aVJ2mxI0aDNI8Uq0wEhMgY+u4CNtEb0om3+y3+niDAsoTCOB33UF0sxpzqzdqXLqmvc+vZyAt4O8pPdfkwA==",
      "optional": true
    },
    "ts-custom-error": {
      "version": "3.3.1",
      "resolved": "https://registry.npmjs.org/ts-custom-error/-/ts-custom-error-3.3.1.tgz",
      "integrity": "sha512-5OX1tzOjxWEgsr/YEUWSuPrQ00deKLh6D7OTWcvNHm12/7QPyRh8SYpyWvA4IZv8H/+GQWQEh/kwo95Q9OVW1A=="
    },
    "tslib": {
      "version": "2.6.3",
      "resolved": "https://registry.npmjs.org/tslib/-/tslib-2.6.3.tgz",
      "integrity": "sha512-xNvxJEOUiWPGhUuUdQgAJPKOOJfGnIyKySOc09XkKsgdUV/3E2zvwZYdejjmRgPCgcym1juLH3226yA7sEFJKQ=="
    }
  }
}
